
Microsoft Visual Studio Solution File, Format Version 12.00
# Visual Studio 15
Project("{FAE04EC0-301F-11D3-BF4B-00C04F79EFBC}") = "Unity.Timeline", "Unity.Timeline.csproj", "{DDCE76F6-D2DD-11CE-29EC-B695921C0D1C}"
EndProject
Project("{FAE04EC0-301F-11D3-BF4B-00C04F79EFBC}") = "Unity.Timeline.Editor", "Unity.Timeline.Editor.csproj", "{A429C755-09C6-3BCB-7032-9A70DEFC34DA}"
EndProject
Project("{FAE04EC0-301F-11D3-BF4B-00C04F79EFBC}") = "Unity.ShaderGraph.Editor", "Unity.ShaderGraph.Editor.csproj", "{E159755B-04D5-37A3-0903-A2BE22B6BEAF}"
EndProject
Project("{FAE04EC0-301F-11D3-BF4B-00C04F79EFBC}") = "Unity.RenderPipelines.Universal.Editor", "Unity.RenderPipelines.Universal.Editor.csproj", "{9C98727C-D894-6D70-EA8E-30AF33EB98CB}"
EndProject
Project("{FAE04EC0-301F-11D3-BF4B-00C04F79EFBC}") = "Unity.TextMeshPro.Editor", "Unity.TextMeshPro.Editor.csproj", "{DD73AECC-EAEE-AB1A-98FA-8E28AAD73DDE}"
EndProject
Project("{FAE04EC0-301F-11D3-BF4B-00C04F79EFBC}") = "Unity.VisualScripting.Flow", "Unity.VisualScripting.Flow.csproj", "{DCBA51FA-A44B-EF47-6D5F-921D77EF90B6}"
EndProject
Project("{FAE04EC0-301F-11D3-BF4B-00C04F79EFBC}") = "Unity.RenderPipelines.Universal.Runtime", "Unity.RenderPipelines.Universal.Runtime.csproj", "{9A992DCC-9C70-3CAE-57CA-BBDCEC7B7F27}"
EndProject
Project("{FAE04EC0-301F-11D3-BF4B-00C04F79EFBC}") = "UnityEditor.UI", "UnityEditor.UI.csproj", "{38AFF83A-1C8B-739A-3A5B-A745FF9EB4CD}"
EndProject
Project("{FAE04EC0-301F-11D3-BF4B-00C04F79EFBC}") = "Unity.PlasticSCM.Editor", "Unity.PlasticSCM.Editor.csproj", "{FCDE65BA-AE62-C404-2717-60E6A78A4F01}"
EndProject
Project("{FAE04EC0-301F-11D3-BF4B-00C04F79EFBC}") = "Unity.RenderPipelines.Core.Runtime", "Unity.RenderPipelines.Core.Runtime.csproj", "{4F3A8106-2C85-CB69-F7E8-E7B2925429D8}"
EndProject
Project("{FAE04EC0-301F-11D3-BF4B-00C04F79EFBC}") = "Unity.VisualScripting.Core", "Unity.VisualScripting.Core.csproj", "{5A5F42B9-28C2-6029-5C15-2338E25D492F}"
EndProject
Project("{FAE04EC0-301F-11D3-BF4B-00C04F79EFBC}") = "Unity.Mathematics", "Unity.Mathematics.csproj", "{4F3E8686-289F-5AAC-BB71-FF58C0983169}"
EndProject
Project("{FAE04EC0-301F-11D3-BF4B-00C04F79EFBC}") = "Unity.RenderPipelines.Core.Editor", "Unity.RenderPipelines.Core.Editor.csproj", "{AC6011B7-3D9F-C662-0FEF-37D82AEF4107}"
EndProject
Project("{FAE04EC0-301F-11D3-BF4B-00C04F79EFBC}") = "Unity.VisualScripting.Core.Editor", "Unity.VisualScripting.Core.Editor.csproj", "{EC84B0BC-4394-9FCA-D5CD-E46B4CD95477}"
EndProject
Project("{FAE04EC0-301F-11D3-BF4B-00C04F79EFBC}") = "Unity.VisualScripting.Flow.Editor", "Unity.VisualScripting.Flow.Editor.csproj", "{50A24D6D-59CA-74DE-B949-89212DA4CB0A}"
EndProject
Project("{FAE04EC0-301F-11D3-BF4B-00C04F79EFBC}") = "UnityEditor.TestRunner", "UnityEditor.TestRunner.csproj", "{8463CD6B-4362-7C23-B14C-29966362ADC6}"
EndProject
Project("{FAE04EC0-301F-11D3-BF4B-00C04F79EFBC}") = "Unity.VisualScripting.SettingsProvider.Editor", "Unity.VisualScripting.SettingsProvider.Editor.csproj", "{6C73DADE-5471-05EB-CC64-71FFD2052C9E}"
EndProject
Project("{FAE04EC0-301F-11D3-BF4B-00C04F79EFBC}") = "UnityEngine.TestRunner", "UnityEngine.TestRunner.csproj", "{9D4CF74B-F1C7-2EDF-2E2D-F4FEB43E345D}"
EndProject
Project("{FAE04EC0-301F-11D3-BF4B-00C04F79EFBC}") = "Unity.Searcher.Editor", "Unity.Searcher.Editor.csproj", "{D1A636A3-1280-7F8E-0855-B965BC2C26C4}"
EndProject
Project("{FAE04EC0-301F-11D3-BF4B-00C04F79EFBC}") = "Unity.Burst", "Unity.Burst.csproj", "{665D6556-4FCA-A9D7-62BF-7DB4C74F8529}"
EndProject
Project("{FAE04EC0-301F-11D3-BF4B-00C04F79EFBC}") = "UnityEngine.UI", "UnityEngine.UI.csproj", "{3F548D49-910A-6D6B-F728-60509455EE22}"
EndProject
Project("{FAE04EC0-301F-11D3-BF4B-00C04F79EFBC}") = "Unity.VisualStudio.Editor", "Unity.VisualStudio.Editor.csproj", "{C64DD384-E513-A60F-C27F-A0194EB559D5}"
EndProject
Project("{FAE04EC0-301F-11D3-BF4B-00C04F79EFBC}") = "PPv2URPConverters", "PPv2URPConverters.csproj", "{CA39B8E9-DE92-56F9-2AB4-3FDF43D5F192}"
EndProject
Project("{FAE04EC0-301F-11D3-BF4B-00C04F79EFBC}") = "Unity.Rider.Editor", "Unity.Rider.Editor.csproj", "{C63B254E-DFF6-E743-588D-481765365828}"
EndProject
Project("{FAE04EC0-301F-11D3-BF4B-00C04F79EFBC}") = "Unity.VisualScripting.State.Editor", "Unity.VisualScripting.State.Editor.csproj", "{9AFAF0E4-EDAC-EA0A-3BD7-F5E04ADBE7CA}"
EndProject
Project("{FAE04EC0-301F-11D3-BF4B-00C04F79EFBC}") = "Unity.Burst.CodeGen", "Unity.Burst.CodeGen.csproj", "{DAB129FB-7C75-E1B0-DE56-3100CCBB9CAF}"
EndProject
Project("{FAE04EC0-301F-11D3-BF4B-00C04F79EFBC}") = "Unity.RenderPipeline.Universal.ShaderLibrary", "Unity.RenderPipeline.Universal.ShaderLibrary.csproj", "{47DACB5E-B694-1EC5-3F90-B529EF462124}"
EndProject
Project("{FAE04EC0-301F-11D3-BF4B-00C04F79EFBC}") = "Unity.VisualScripting.State", "Unity.VisualScripting.State.csproj", "{F1E0C7D9-3521-F991-FEF3-0BB2C69F485E}"
EndProject
Project("{FAE04EC0-301F-11D3-BF4B-00C04F79EFBC}") = "Unity.TextMeshPro", "Unity.TextMeshPro.csproj", "{401F606D-1DDB-27BF-9052-D1A2137F5B57}"
EndProject
Project("{FAE04EC0-301F-11D3-BF4B-00C04F79EFBC}") = "Unity.VSCode.Editor", "Unity.VSCode.Editor.csproj", "{A0C25931-89DE-DD20-F63E-BF8ECBA0602F}"
EndProject
Project("{FAE04EC0-301F-11D3-BF4B-00C04F79EFBC}") = "Unity.Burst.Editor", "Unity.Burst.Editor.csproj", "{755DC7FF-34D5-EDA2-80FD-4A9773929B25}"
EndProject
Project("{FAE04EC0-301F-11D3-BF4B-00C04F79EFBC}") = "Assembly-CSharp", "Assembly-CSharp.csproj", "{EE288462-586E-EBA3-5D8A-270B8E9D5A0A}"
EndProject
Project("{FAE04EC0-301F-11D3-BF4B-00C04F79EFBC}") = "Unity.ShaderGraph.Utilities", "Unity.ShaderGraph.Utilities.csproj", "{93B0122E-06E6-A29B-A67B-531AA400AB6B}"
EndProject
Project("{FAE04EC0-301F-11D3-BF4B-00C04F79EFBC}") = "Unity.Mathematics.Editor", "Unity.Mathematics.Editor.csproj", "{66071ECE-3C79-CD28-1190-9967C9E3CA98}"
EndProject
Project("{FAE04EC0-301F-11D3-BF4B-00C04F79EFBC}") = "Unity.VisualScripting.Shared.Editor", "Unity.VisualScripting.Shared.Editor.csproj", "{D4A17E63-18CF-B5C0-9473-417E75AD27A4}"
EndProject
Project("{FAE04EC0-301F-11D3-BF4B-00C04F79EFBC}") = "Unity.CollabProxy.Editor", "Unity.CollabProxy.Editor.csproj", "{9D2FE35B-E898-749E-B01C-F5FA5F886C30}"
EndProject
Project("{FAE04EC0-301F-11D3-BF4B-00C04F79EFBC}") = "Unity.RenderPipelines.ShaderGraph.ShaderGraphLibrary", "Unity.RenderPipelines.ShaderGraph.ShaderGraphLibrary.csproj", "{ACB37AC7-6AB8-826C-4E3A-E3C03AFF025C}"
EndProject
Project("{FAE04EC0-301F-11D3-BF4B-00C04F79EFBC}") = "Unity.RenderPipelines.Core.ShaderLibrary", "Unity.RenderPipelines.Core.ShaderLibrary.csproj", "{A47C97AB-416B-43A0-CF43-B3888574F55A}"
EndProject
Project("{FAE04EC0-301F-11D3-BF4B-00C04F79EFBC}") = "Unity.RenderPipelines.Universal.Shaders", "Unity.RenderPipelines.Universal.Shaders.csproj", "{4127E5A5-A81A-03A8-D37C-8768F00948BD}"
EndProject
Project("{FAE04EC0-301F-11D3-BF4B-00C04F79EFBC}") = "Unity.Timeline", "Unity.Timeline.Player.csproj", "{3A25C3E1-6F43-EEAB-D79F-171F5D243AC8}"
EndProject
Project("{FAE04EC0-301F-11D3-BF4B-00C04F79EFBC}") = "Unity.VisualScripting.Flow", "Unity.VisualScripting.Flow.Player.csproj", "{B81ECD7B-F029-1512-20EC-5D270F2B5371}"
EndProject
Project("{FAE04EC0-301F-11D3-BF4B-00C04F79EFBC}") = "Unity.RenderPipelines.Universal.Runtime", "Unity.RenderPipelines.Universal.Runtime.Player.csproj", "{50C9033C-23F9-0903-72D7-711208B22AC4}"
EndProject
Project("{FAE04EC0-301F-11D3-BF4B-00C04F79EFBC}") = "Unity.RenderPipelines.Core.Runtime", "Unity.RenderPipelines.Core.Runtime.Player.csproj", "{9E0D70AA-5898-9071-C6DD-32C70DA07A43}"
EndProject
Project("{FAE04EC0-301F-11D3-BF4B-00C04F79EFBC}") = "Unity.VisualScripting.Core", "Unity.VisualScripting.Core.Player.csproj", "{B411BFCA-322C-A96C-7F8C-E42D4C66AAD6}"
EndProject
Project("{FAE04EC0-301F-11D3-BF4B-00C04F79EFBC}") = "Unity.Mathematics", "Unity.Mathematics.Player.csproj", "{92F82938-EB21-2062-C625-94DCEF824A19}"
EndProject
Project("{FAE04EC0-301F-11D3-BF4B-00C04F79EFBC}") = "UnityEngine.TestRunner", "UnityEngine.TestRunner.Player.csproj", "{E4DB6FD6-9D3C-8748-23BE-D49247DB2662}"
EndProject
Project("{FAE04EC0-301F-11D3-BF4B-00C04F79EFBC}") = "Unity.Burst", "Unity.Burst.Player.csproj", "{5C657675-161C-F198-32A8-153D8AFAFEC9}"
EndProject
Project("{FAE04EC0-301F-11D3-BF4B-00C04F79EFBC}") = "UnityEngine.UI", "UnityEngine.UI.Player.csproj", "{A6FC4984-4C5E-5FA4-81A6-5915AD80250F}"
EndProject
Project("{FAE04EC0-301F-11D3-BF4B-00C04F79EFBC}") = "Unity.RenderPipeline.Universal.ShaderLibrary", "Unity.RenderPipeline.Universal.ShaderLibrary.Player.csproj", "{44BCD98D-DF83-E809-54A9-A314846EC2B1}"
EndProject
Project("{FAE04EC0-301F-11D3-BF4B-00C04F79EFBC}") = "Unity.VisualScripting.State", "Unity.VisualScripting.State.Player.csproj", "{22A6C08A-93C9-1F4E-AD94-F2C6C75269FB}"
EndProject
Project("{FAE04EC0-301F-11D3-BF4B-00C04F79EFBC}") = "Unity.TextMeshPro", "Unity.TextMeshPro.Player.csproj", "{92BB2D7B-65C7-F0C5-66E5-D426BC73BDCA}"
EndProject
Project("{FAE04EC0-301F-11D3-BF4B-00C04F79EFBC}") = "Assembly-CSharp", "Assembly-CSharp.Player.csproj", "{A5674B07-982B-D0D3-FB8C-509B88AEE333}"
EndProject
Project("{FAE04EC0-301F-11D3-BF4B-00C04F79EFBC}") = "Unity.RenderPipelines.ShaderGraph.ShaderGraphLibrary", "Unity.RenderPipelines.ShaderGraph.ShaderGraphLibrary.Player.csproj", "{7AAFB79A-ADF2-BE11-2B1E-95A525C83A9F}"
EndProject
Project("{FAE04EC0-301F-11D3-BF4B-00C04F79EFBC}") = "Unity.RenderPipelines.Core.ShaderLibrary", "Unity.RenderPipelines.Core.ShaderLibrary.Player.csproj", "{2C6086E1-FA4D-A030-35CA-FE879DAB184F}"
EndProject
Project("{FAE04EC0-301F-11D3-BF4B-00C04F79EFBC}") = "Unity.RenderPipelines.Universal.Shaders", "Unity.RenderPipelines.Universal.Shaders.Player.csproj", "{22BB71EA-F533-55A6-D569-CB0C87BB9A98}"
EndProject
Global
	GlobalSection(SolutionConfigurationPlatforms) = preSolution
		Debug|Any CPU = Debug|Any CPU
		Release|Any CPU = Release|Any CPU
	EndGlobalSection
	GlobalSection(ProjectConfigurationPlatforms) = postSolution
		{DDCE76F6-D2DD-11CE-29EC-B695921C0D1C}.Debug|Any CPU.ActiveCfg = Debug|Any CPU
		{DDCE76F6-D2DD-11CE-29EC-B695921C0D1C}.Debug|Any CPU.Build.0 = Debug|Any CPU
		{DDCE76F6-D2DD-11CE-29EC-B695921C0D1C}.Release|Any CPU.ActiveCfg = Release|Any CPU
		{DDCE76F6-D2DD-11CE-29EC-B695921C0D1C}.Release|Any CPU.Build.0 = Release|Any CPU
		{A429C755-09C6-3BCB-7032-9A70DEFC34DA}.Debug|Any CPU.ActiveCfg = Debug|Any CPU
		{A429C755-09C6-3BCB-7032-9A70DEFC34DA}.Debug|Any CPU.Build.0 = Debug|Any CPU
		{A429C755-09C6-3BCB-7032-9A70DEFC34DA}.Release|Any CPU.ActiveCfg = Release|Any CPU
		{A429C755-09C6-3BCB-7032-9A70DEFC34DA}.Release|Any CPU.Build.0 = Release|Any CPU
		{E159755B-04D5-37A3-0903-A2BE22B6BEAF}.Debug|Any CPU.ActiveCfg = Debug|Any CPU
		{E159755B-04D5-37A3-0903-A2BE22B6BEAF}.Debug|Any CPU.Build.0 = Debug|Any CPU
		{E159755B-04D5-37A3-0903-A2BE22B6BEAF}.Release|Any CPU.ActiveCfg = Release|Any CPU
		{E159755B-04D5-37A3-0903-A2BE22B6BEAF}.Release|Any CPU.Build.0 = Release|Any CPU
		{9C98727C-D894-6D70-EA8E-30AF33EB98CB}.Debug|Any CPU.ActiveCfg = Debug|Any CPU
		{9C98727C-D894-6D70-EA8E-30AF33EB98CB}.Debug|Any CPU.Build.0 = Debug|Any CPU
		{9C98727C-D894-6D70-EA8E-30AF33EB98CB}.Release|Any CPU.ActiveCfg = Release|Any CPU
		{9C98727C-D894-6D70-EA8E-30AF33EB98CB}.Release|Any CPU.Build.0 = Release|Any CPU
		{DD73AECC-EAEE-AB1A-98FA-8E28AAD73DDE}.Debug|Any CPU.ActiveCfg = Debug|Any CPU
		{DD73AECC-EAEE-AB1A-98FA-8E28AAD73DDE}.Debug|Any CPU.Build.0 = Debug|Any CPU
		{DD73AECC-EAEE-AB1A-98FA-8E28AAD73DDE}.Release|Any CPU.ActiveCfg = Release|Any CPU
		{DD73AECC-EAEE-AB1A-98FA-8E28AAD73DDE}.Release|Any CPU.Build.0 = Release|Any CPU
		{DCBA51FA-A44B-EF47-6D5F-921D77EF90B6}.Debug|Any CPU.ActiveCfg = Debug|Any CPU
		{DCBA51FA-A44B-EF47-6D5F-921D77EF90B6}.Debug|Any CPU.Build.0 = Debug|Any CPU
		{DCBA51FA-A44B-EF47-6D5F-921D77EF90B6}.Release|Any CPU.ActiveCfg = Release|Any CPU
		{DCBA51FA-A44B-EF47-6D5F-921D77EF90B6}.Release|Any CPU.Build.0 = Release|Any CPU
		{9A992DCC-9C70-3CAE-57CA-BBDCEC7B7F27}.Debug|Any CPU.ActiveCfg = Debug|Any CPU
		{9A992DCC-9C70-3CAE-57CA-BBDCEC7B7F27}.Debug|Any CPU.Build.0 = Debug|Any CPU
		{9A992DCC-9C70-3CAE-57CA-BBDCEC7B7F27}.Release|Any CPU.ActiveCfg = Release|Any CPU
		{9A992DCC-9C70-3CAE-57CA-BBDCEC7B7F27}.Release|Any CPU.Build.0 = Release|Any CPU
		{38AFF83A-1C8B-739A-3A5B-A745FF9EB4CD}.Debug|Any CPU.ActiveCfg = Debug|Any CPU
		{38AFF83A-1C8B-739A-3A5B-A745FF9EB4CD}.Debug|Any CPU.Build.0 = Debug|Any CPU
		{38AFF83A-1C8B-739A-3A5B-A745FF9EB4CD}.Release|Any CPU.ActiveCfg = Release|Any CPU
		{38AFF83A-1C8B-739A-3A5B-A745FF9EB4CD}.Release|Any CPU.Build.0 = Release|Any CPU
		{FCDE65BA-AE62-C404-2717-60E6A78A4F01}.Debug|Any CPU.ActiveCfg = Debug|Any CPU
		{FCDE65BA-AE62-C404-2717-60E6A78A4F01}.Debug|Any CPU.Build.0 = Debug|Any CPU
		{FCDE65BA-AE62-C404-2717-60E6A78A4F01}.Release|Any CPU.ActiveCfg = Release|Any CPU
		{FCDE65BA-AE62-C404-2717-60E6A78A4F01}.Release|Any CPU.Build.0 = Release|Any CPU
		{4F3A8106-2C85-CB69-F7E8-E7B2925429D8}.Debug|Any CPU.ActiveCfg = Debug|Any CPU
		{4F3A8106-2C85-CB69-F7E8-E7B2925429D8}.Debug|Any CPU.Build.0 = Debug|Any CPU
		{4F3A8106-2C85-CB69-F7E8-E7B2925429D8}.Release|Any CPU.ActiveCfg = Release|Any CPU
		{4F3A8106-2C85-CB69-F7E8-E7B2925429D8}.Release|Any CPU.Build.0 = Release|Any CPU
		{5A5F42B9-28C2-6029-5C15-2338E25D492F}.Debug|Any CPU.ActiveCfg = Debug|Any CPU
		{5A5F42B9-28C2-6029-5C15-2338E25D492F}.Debug|Any CPU.Build.0 = Debug|Any CPU
		{5A5F42B9-28C2-6029-5C15-2338E25D492F}.Release|Any CPU.ActiveCfg = Release|Any CPU
		{5A5F42B9-28C2-6029-5C15-2338E25D492F}.Release|Any CPU.Build.0 = Release|Any CPU
		{4F3E8686-289F-5AAC-BB71-FF58C0983169}.Debug|Any CPU.ActiveCfg = Debug|Any CPU
		{4F3E8686-289F-5AAC-BB71-FF58C0983169}.Debug|Any CPU.Build.0 = Debug|Any CPU
		{4F3E8686-289F-5AAC-BB71-FF58C0983169}.Release|Any CPU.ActiveCfg = Release|Any CPU
		{4F3E8686-289F-5AAC-BB71-FF58C0983169}.Release|Any CPU.Build.0 = Release|Any CPU
		{AC6011B7-3D9F-C662-0FEF-37D82AEF4107}.Debug|Any CPU.ActiveCfg = Debug|Any CPU
		{AC6011B7-3D9F-C662-0FEF-37D82AEF4107}.Debug|Any CPU.Build.0 = Debug|Any CPU
		{AC6011B7-3D9F-C662-0FEF-37D82AEF4107}.Release|Any CPU.ActiveCfg = Release|Any CPU
		{AC6011B7-3D9F-C662-0FEF-37D82AEF4107}.Release|Any CPU.Build.0 = Release|Any CPU
		{EC84B0BC-4394-9FCA-D5CD-E46B4CD95477}.Debug|Any CPU.ActiveCfg = Debug|Any CPU
		{EC84B0BC-4394-9FCA-D5CD-E46B4CD95477}.Debug|Any CPU.Build.0 = Debug|Any CPU
		{EC84B0BC-4394-9FCA-D5CD-E46B4CD95477}.Release|Any CPU.ActiveCfg = Release|Any CPU
		{EC84B0BC-4394-9FCA-D5CD-E46B4CD95477}.Release|Any CPU.Build.0 = Release|Any CPU
		{50A24D6D-59CA-74DE-B949-89212DA4CB0A}.Debug|Any CPU.ActiveCfg = Debug|Any CPU
		{50A24D6D-59CA-74DE-B949-89212DA4CB0A}.Debug|Any CPU.Build.0 = Debug|Any CPU
		{50A24D6D-59CA-74DE-B949-89212DA4CB0A}.Release|Any CPU.ActiveCfg = Release|Any CPU
		{50A24D6D-59CA-74DE-B949-89212DA4CB0A}.Release|Any CPU.Build.0 = Release|Any CPU
		{8463CD6B-4362-7C23-B14C-29966362ADC6}.Debug|Any CPU.ActiveCfg = Debug|Any CPU
		{8463CD6B-4362-7C23-B14C-29966362ADC6}.Debug|Any CPU.Build.0 = Debug|Any CPU
		{8463CD6B-4362-7C23-B14C-29966362ADC6}.Release|Any CPU.ActiveCfg = Release|Any CPU
		{8463CD6B-4362-7C23-B14C-29966362ADC6}.Release|Any CPU.Build.0 = Release|Any CPU
		{6C73DADE-5471-05EB-CC64-71FFD2052C9E}.Debug|Any CPU.ActiveCfg = Debug|Any CPU
		{6C73DADE-5471-05EB-CC64-71FFD2052C9E}.Debug|Any CPU.Build.0 = Debug|Any CPU
		{6C73DADE-5471-05EB-CC64-71FFD2052C9E}.Release|Any CPU.ActiveCfg = Release|Any CPU
		{6C73DADE-5471-05EB-CC64-71FFD2052C9E}.Release|Any CPU.Build.0 = Release|Any CPU
		{9D4CF74B-F1C7-2EDF-2E2D-F4FEB43E345D}.Debug|Any CPU.ActiveCfg = Debug|Any CPU
		{9D4CF74B-F1C7-2EDF-2E2D-F4FEB43E345D}.Debug|Any CPU.Build.0 = Debug|Any CPU
		{9D4CF74B-F1C7-2EDF-2E2D-F4FEB43E345D}.Release|Any CPU.ActiveCfg = Release|Any CPU
		{9D4CF74B-F1C7-2EDF-2E2D-F4FEB43E345D}.Release|Any CPU.Build.0 = Release|Any CPU
		{D1A636A3-1280-7F8E-0855-B965BC2C26C4}.Debug|Any CPU.ActiveCfg = Debug|Any CPU
		{D1A636A3-1280-7F8E-0855-B965BC2C26C4}.Debug|Any CPU.Build.0 = Debug|Any CPU
		{D1A636A3-1280-7F8E-0855-B965BC2C26C4}.Release|Any CPU.ActiveCfg = Release|Any CPU
		{D1A636A3-1280-7F8E-0855-B965BC2C26C4}.Release|Any CPU.Build.0 = Release|Any CPU
		{665D6556-4FCA-A9D7-62BF-7DB4C74F8529}.Debug|Any CPU.ActiveCfg = Debug|Any CPU
		{665D6556-4FCA-A9D7-62BF-7DB4C74F8529}.Debug|Any CPU.Build.0 = Debug|Any CPU
		{665D6556-4FCA-A9D7-62BF-7DB4C74F8529}.Release|Any CPU.ActiveCfg = Release|Any CPU
		{665D6556-4FCA-A9D7-62BF-7DB4C74F8529}.Release|Any CPU.Build.0 = Release|Any CPU
		{3F548D49-910A-6D6B-F728-60509455EE22}.Debug|Any CPU.ActiveCfg = Debug|Any CPU
		{3F548D49-910A-6D6B-F728-60509455EE22}.Debug|Any CPU.Build.0 = Debug|Any CPU
		{3F548D49-910A-6D6B-F728-60509455EE22}.Release|Any CPU.ActiveCfg = Release|Any CPU
		{3F548D49-910A-6D6B-F728-60509455EE22}.Release|Any CPU.Build.0 = Release|Any CPU
		{C64DD384-E513-A60F-C27F-A0194EB559D5}.Debug|Any CPU.ActiveCfg = Debug|Any CPU
		{C64DD384-E513-A60F-C27F-A0194EB559D5}.Debug|Any CPU.Build.0 = Debug|Any CPU
		{C64DD384-E513-A60F-C27F-A0194EB559D5}.Release|Any CPU.ActiveCfg = Release|Any CPU
		{C64DD384-E513-A60F-C27F-A0194EB559D5}.Release|Any CPU.Build.0 = Release|Any CPU
		{CA39B8E9-DE92-56F9-2AB4-3FDF43D5F192}.Debug|Any CPU.ActiveCfg = Debug|Any CPU
		{CA39B8E9-DE92-56F9-2AB4-3FDF43D5F192}.Debug|Any CPU.Build.0 = Debug|Any CPU
		{CA39B8E9-DE92-56F9-2AB4-3FDF43D5F192}.Release|Any CPU.ActiveCfg = Release|Any CPU
		{CA39B8E9-DE92-56F9-2AB4-3FDF43D5F192}.Release|Any CPU.Build.0 = Release|Any CPU
		{C63B254E-DFF6-E743-588D-481765365828}.Debug|Any CPU.ActiveCfg = Debug|Any CPU
		{C63B254E-DFF6-E743-588D-481765365828}.Debug|Any CPU.Build.0 = Debug|Any CPU
		{C63B254E-DFF6-E743-588D-481765365828}.Release|Any CPU.ActiveCfg = Release|Any CPU
		{C63B254E-DFF6-E743-588D-481765365828}.Release|Any CPU.Build.0 = Release|Any CPU
		{9AFAF0E4-EDAC-EA0A-3BD7-F5E04ADBE7CA}.Debug|Any CPU.ActiveCfg = Debug|Any CPU
		{9AFAF0E4-EDAC-EA0A-3BD7-F5E04ADBE7CA}.Debug|Any CPU.Build.0 = Debug|Any CPU
		{9AFAF0E4-EDAC-EA0A-3BD7-F5E04ADBE7CA}.Release|Any CPU.ActiveCfg = Release|Any CPU
		{9AFAF0E4-EDAC-EA0A-3BD7-F5E04ADBE7CA}.Release|Any CPU.Build.0 = Release|Any CPU
		{DAB129FB-7C75-E1B0-DE56-3100CCBB9CAF}.Debug|Any CPU.ActiveCfg = Debug|Any CPU
		{DAB129FB-7C75-E1B0-DE56-3100CCBB9CAF}.Debug|Any CPU.Build.0 = Debug|Any CPU
		{DAB129FB-7C75-E1B0-DE56-3100CCBB9CAF}.Release|Any CPU.ActiveCfg = Release|Any CPU
		{DAB129FB-7C75-E1B0-DE56-3100CCBB9CAF}.Release|Any CPU.Build.0 = Release|Any CPU
		{47DACB5E-B694-1EC5-3F90-B529EF462124}.Debug|Any CPU.ActiveCfg = Debug|Any CPU
		{47DACB5E-B694-1EC5-3F90-B529EF462124}.Debug|Any CPU.Build.0 = Debug|Any CPU
		{47DACB5E-B694-1EC5-3F90-B529EF462124}.Release|Any CPU.ActiveCfg = Release|Any CPU
		{47DACB5E-B694-1EC5-3F90-B529EF462124}.Release|Any CPU.Build.0 = Release|Any CPU
		{F1E0C7D9-3521-F991-FEF3-0BB2C69F485E}.Debug|Any CPU.ActiveCfg = Debug|Any CPU
		{F1E0C7D9-3521-F991-FEF3-0BB2C69F485E}.Debug|Any CPU.Build.0 = Debug|Any CPU
		{F1E0C7D9-3521-F991-FEF3-0BB2C69F485E}.Release|Any CPU.ActiveCfg = Release|Any CPU
		{F1E0C7D9-3521-F991-FEF3-0BB2C69F485E}.Release|Any CPU.Build.0 = Release|Any CPU
		{401F606D-1DDB-27BF-9052-D1A2137F5B57}.Debug|Any CPU.ActiveCfg = Debug|Any CPU
		{401F606D-1DDB-27BF-9052-D1A2137F5B57}.Debug|Any CPU.Build.0 = Debug|Any CPU
		{401F606D-1DDB-27BF-9052-D1A2137F5B57}.Release|Any CPU.ActiveCfg = Release|Any CPU
		{401F606D-1DDB-27BF-9052-D1A2137F5B57}.Release|Any CPU.Build.0 = Release|Any CPU
		{A0C25931-89DE-DD20-F63E-BF8ECBA0602F}.Debug|Any CPU.ActiveCfg = Debug|Any CPU
		{A0C25931-89DE-DD20-F63E-BF8ECBA0602F}.Debug|Any CPU.Build.0 = Debug|Any CPU
		{A0C25931-89DE-DD20-F63E-BF8ECBA0602F}.Release|Any CPU.ActiveCfg = Release|Any CPU
		{A0C25931-89DE-DD20-F63E-BF8ECBA0602F}.Release|Any CPU.Build.0 = Release|Any CPU
		{755DC7FF-34D5-EDA2-80FD-4A9773929B25}.Debug|Any CPU.ActiveCfg = Debug|Any CPU
		{755DC7FF-34D5-EDA2-80FD-4A9773929B25}.Debug|Any CPU.Build.0 = Debug|Any CPU
		{755DC7FF-34D5-EDA2-80FD-4A9773929B25}.Release|Any CPU.ActiveCfg = Release|Any CPU
		{755DC7FF-34D5-EDA2-80FD-4A9773929B25}.Release|Any CPU.Build.0 = Release|Any CPU
		{EE288462-586E-EBA3-5D8A-270B8E9D5A0A}.Debug|Any CPU.ActiveCfg = Debug|Any CPU
		{EE288462-586E-EBA3-5D8A-270B8E9D5A0A}.Debug|Any CPU.Build.0 = Debug|Any CPU
		{EE288462-586E-EBA3-5D8A-270B8E9D5A0A}.Release|Any CPU.ActiveCfg = Release|Any CPU
		{EE288462-586E-EBA3-5D8A-270B8E9D5A0A}.Release|Any CPU.Build.0 = Release|Any CPU
		{93B0122E-06E6-A29B-A67B-531AA400AB6B}.Debug|Any CPU.ActiveCfg = Debug|Any CPU
		{93B0122E-06E6-A29B-A67B-531AA400AB6B}.Debug|Any CPU.Build.0 = Debug|Any CPU
		{93B0122E-06E6-A29B-A67B-531AA400AB6B}.Release|Any CPU.ActiveCfg = Release|Any CPU
		{93B0122E-06E6-A29B-A67B-531AA400AB6B}.Release|Any CPU.Build.0 = Release|Any CPU
		{66071ECE-3C79-CD28-1190-9967C9E3CA98}.Debug|Any CPU.ActiveCfg = Debug|Any CPU
		{66071ECE-3C79-CD28-1190-9967C9E3CA98}.Debug|Any CPU.Build.0 = Debug|Any CPU
		{66071ECE-3C79-CD28-1190-9967C9E3CA98}.Release|Any CPU.ActiveCfg = Release|Any CPU
		{66071ECE-3C79-CD28-1190-9967C9E3CA98}.Release|Any CPU.Build.0 = Release|Any CPU
		{D4A17E63-18CF-B5C0-9473-417E75AD27A4}.Debug|Any CPU.ActiveCfg = Debug|Any CPU
		{D4A17E63-18CF-B5C0-9473-417E75AD27A4}.Debug|Any CPU.Build.0 = Debug|Any CPU
		{D4A17E63-18CF-B5C0-9473-417E75AD27A4}.Release|Any CPU.ActiveCfg = Release|Any CPU
		{D4A17E63-18CF-B5C0-9473-417E75AD27A4}.Release|Any CPU.Build.0 = Release|Any CPU
		{9D2FE35B-E898-749E-B01C-F5FA5F886C30}.Debug|Any CPU.ActiveCfg = Debug|Any CPU
		{9D2FE35B-E898-749E-B01C-F5FA5F886C30}.Debug|Any CPU.Build.0 = Debug|Any CPU
		{9D2FE35B-E898-749E-B01C-F5FA5F886C30}.Release|Any CPU.ActiveCfg = Release|Any CPU
		{9D2FE35B-E898-749E-B01C-F5FA5F886C30}.Release|Any CPU.Build.0 = Release|Any CPU
		{ACB37AC7-6AB8-826C-4E3A-E3C03AFF025C}.Debug|Any CPU.ActiveCfg = Debug|Any CPU
		{ACB37AC7-6AB8-826C-4E3A-E3C03AFF025C}.Debug|Any CPU.Build.0 = Debug|Any CPU
		{ACB37AC7-6AB8-826C-4E3A-E3C03AFF025C}.Release|Any CPU.ActiveCfg = Release|Any CPU
		{ACB37AC7-6AB8-826C-4E3A-E3C03AFF025C}.Release|Any CPU.Build.0 = Release|Any CPU
		{A47C97AB-416B-43A0-CF43-B3888574F55A}.Debug|Any CPU.ActiveCfg = Debug|Any CPU
		{A47C97AB-416B-43A0-CF43-B3888574F55A}.Debug|Any CPU.Build.0 = Debug|Any CPU
		{A47C97AB-416B-43A0-CF43-B3888574F55A}.Release|Any CPU.ActiveCfg = Release|Any CPU
		{A47C97AB-416B-43A0-CF43-B3888574F55A}.Release|Any CPU.Build.0 = Release|Any CPU
		{4127E5A5-A81A-03A8-D37C-8768F00948BD}.Debug|Any CPU.ActiveCfg = Debug|Any CPU
		{4127E5A5-A81A-03A8-D37C-8768F00948BD}.Debug|Any CPU.Build.0 = Debug|Any CPU
		{4127E5A5-A81A-03A8-D37C-8768F00948BD}.Release|Any CPU.ActiveCfg = Release|Any CPU
		{4127E5A5-A81A-03A8-D37C-8768F00948BD}.Release|Any CPU.Build.0 = Release|Any CPU
		{3A25C3E1-6F43-EEAB-D79F-171F5D243AC8}.Debug|Any CPU.ActiveCfg = Debug|Any CPU
		{3A25C3E1-6F43-EEAB-D79F-171F5D243AC8}.Debug|Any CPU.Build.0 = Debug|Any CPU
		{3A25C3E1-6F43-EEAB-D79F-171F5D243AC8}.Release|Any CPU.ActiveCfg = Release|Any CPU
		{3A25C3E1-6F43-EEAB-D79F-171F5D243AC8}.Release|Any CPU.Build.0 = Release|Any CPU
		{B81ECD7B-F029-1512-20EC-5D270F2B5371}.Debug|Any CPU.ActiveCfg = Debug|Any CPU
		{B81ECD7B-F029-1512-20EC-5D270F2B5371}.Debug|Any CPU.Build.0 = Debug|Any CPU
		{B81ECD7B-F029-1512-20EC-5D270F2B5371}.Release|Any CPU.ActiveCfg = Release|Any CPU
		{B81ECD7B-F029-1512-20EC-5D270F2B5371}.Release|Any CPU.Build.0 = Release|Any CPU
		{50C9033C-23F9-0903-72D7-711208B22AC4}.Debug|Any CPU.ActiveCfg = Debug|Any CPU
		{50C9033C-23F9-0903-72D7-711208B22AC4}.Debug|Any CPU.Build.0 = Debug|Any CPU
		{50C9033C-23F9-0903-72D7-711208B22AC4}.Release|Any CPU.ActiveCfg = Release|Any CPU
		{50C9033C-23F9-0903-72D7-711208B22AC4}.Release|Any CPU.Build.0 = Release|Any CPU
		{9E0D70AA-5898-9071-C6DD-32C70DA07A43}.Debug|Any CPU.ActiveCfg = Debug|Any CPU
		{9E0D70AA-5898-9071-C6DD-32C70DA07A43}.Debug|Any CPU.Build.0 = Debug|Any CPU
		{9E0D70AA-5898-9071-C6DD-32C70DA07A43}.Release|Any CPU.ActiveCfg = Release|Any CPU
		{9E0D70AA-5898-9071-C6DD-32C70DA07A43}.Release|Any CPU.Build.0 = Release|Any CPU
		{B411BFCA-322C-A96C-7F8C-E42D4C66AAD6}.Debug|Any CPU.ActiveCfg = Debug|Any CPU
		{B411BFCA-322C-A96C-7F8C-E42D4C66AAD6}.Debug|Any CPU.Build.0 = Debug|Any CPU
		{B411BFCA-322C-A96C-7F8C-E42D4C66AAD6}.Release|Any CPU.ActiveCfg = Release|Any CPU
		{B411BFCA-322C-A96C-7F8C-E42D4C66AAD6}.Release|Any CPU.Build.0 = Release|Any CPU
		{92F82938-EB21-2062-C625-94DCEF824A19}.Debug|Any CPU.ActiveCfg = Debug|Any CPU
		{92F82938-EB21-2062-C625-94DCEF824A19}.Debug|Any CPU.Build.0 = Debug|Any CPU
		{92F82938-EB21-2062-C625-94DCEF824A19}.Release|Any CPU.ActiveCfg = Release|Any CPU
		{92F82938-EB21-2062-C625-94DCEF824A19}.Release|Any CPU.Build.0 = Release|Any CPU
		{E4DB6FD6-9D3C-8748-23BE-D49247DB2662}.Debug|Any CPU.ActiveCfg = Debug|Any CPU
		{E4DB6FD6-9D3C-8748-23BE-D49247DB2662}.Debug|Any CPU.Build.0 = Debug|Any CPU
		{E4DB6FD6-9D3C-8748-23BE-D49247DB2662}.Release|Any CPU.ActiveCfg = Release|Any CPU
		{E4DB6FD6-9D3C-8748-23BE-D49247DB2662}.Release|Any CPU.Build.0 = Release|Any CPU
		{5C657675-161C-F198-32A8-153D8AFAFEC9}.Debug|Any CPU.ActiveCfg = Debug|Any CPU
		{5C657675-161C-F198-32A8-153D8AFAFEC9}.Debug|Any CPU.Build.0 = Debug|Any CPU
		{5C657675-161C-F198-32A8-153D8AFAFEC9}.Release|Any CPU.ActiveCfg = Release|Any CPU
		{5C657675-161C-F198-32A8-153D8AFAFEC9}.Release|Any CPU.Build.0 = Release|Any CPU
		{A6FC4984-4C5E-5FA4-81A6-5915AD80250F}.Debug|Any CPU.ActiveCfg = Debug|Any CPU
		{A6FC4984-4C5E-5FA4-81A6-5915AD80250F}.Debug|Any CPU.Build.0 = Debug|Any CPU
		{A6FC4984-4C5E-5FA4-81A6-5915AD80250F}.Release|Any CPU.ActiveCfg = Release|Any CPU
		{A6FC4984-4C5E-5FA4-81A6-5915AD80250F}.Release|Any CPU.Build.0 = Release|Any CPU
		{44BCD98D-DF83-E809-54A9-A314846EC2B1}.Debug|Any CPU.ActiveCfg = Debug|Any CPU
		{44BCD98D-DF83-E809-54A9-A314846EC2B1}.Debug|Any CPU.Build.0 = Debug|Any CPU
		{44BCD98D-DF83-E809-54A9-A314846EC2B1}.Release|Any CPU.ActiveCfg = Release|Any CPU
		{44BCD98D-DF83-E809-54A9-A314846EC2B1}.Release|Any CPU.Build.0 = Release|Any CPU
		{22A6C08A-93C9-1F4E-AD94-F2C6C75269FB}.Debug|Any CPU.ActiveCfg = Debug|Any CPU
		{22A6C08A-93C9-1F4E-AD94-F2C6C75269FB}.Debug|Any CPU.Build.0 = Debug|Any CPU
		{22A6C08A-93C9-1F4E-AD94-F2C6C75269FB}.Release|Any CPU.ActiveCfg = Release|Any CPU
		{22A6C08A-93C9-1F4E-AD94-F2C6C75269FB}.Release|Any CPU.Build.0 = Release|Any CPU
		{92BB2D7B-65C7-F0C5-66E5-D426BC73BDCA}.Debug|Any CPU.ActiveCfg = Debug|Any CPU
		{92BB2D7B-65C7-F0C5-66E5-D426BC73BDCA}.Debug|Any CPU.Build.0 = Debug|Any CPU
		{92BB2D7B-65C7-F0C5-66E5-D426BC73BDCA}.Release|Any CPU.ActiveCfg = Release|Any CPU
		{92BB2D7B-65C7-F0C5-66E5-D426BC73BDCA}.Release|Any CPU.Build.0 = Release|Any CPU
		{A5674B07-982B-D0D3-FB8C-509B88AEE333}.Debug|Any CPU.ActiveCfg = Debug|Any CPU
		{A5674B07-982B-D0D3-FB8C-509B88AEE333}.Debug|Any CPU.Build.0 = Debug|Any CPU
		{A5674B07-982B-D0D3-FB8C-509B88AEE333}.Release|Any CPU.ActiveCfg = Release|Any CPU
		{A5674B07-982B-D0D3-FB8C-509B88AEE333}.Release|Any CPU.Build.0 = Release|Any CPU
		{7AAFB79A-ADF2-BE11-2B1E-95A525C83A9F}.Debug|Any CPU.ActiveCfg = Debug|Any CPU
		{7AAFB79A-ADF2-BE11-2B1E-95A525C83A9F}.Debug|Any CPU.Build.0 = Debug|Any CPU
		{7AAFB79A-ADF2-BE11-2B1E-95A525C83A9F}.Release|Any CPU.ActiveCfg = Release|Any CPU
		{7AAFB79A-ADF2-BE11-2B1E-95A525C83A9F}.Release|Any CPU.Build.0 = Release|Any CPU
		{2C6086E1-FA4D-A030-35CA-FE879DAB184F}.Debug|Any CPU.ActiveCfg = Debug|Any CPU
		{2C6086E1-FA4D-A030-35CA-FE879DAB184F}.Debug|Any CPU.Build.0 = Debug|Any CPU
		{2C6086E1-FA4D-A030-35CA-FE879DAB184F}.Release|Any CPU.ActiveCfg = Release|Any CPU
		{2C6086E1-FA4D-A030-35CA-FE879DAB184F}.Release|Any CPU.Build.0 = Release|Any CPU
		{22BB71EA-F533-55A6-D569-CB0C87BB9A98}.Debug|Any CPU.ActiveCfg = Debug|Any CPU
		{22BB71EA-F533-55A6-D569-CB0C87BB9A98}.Debug|Any CPU.Build.0 = Debug|Any CPU
		{22BB71EA-F533-55A6-D569-CB0C87BB9A98}.Release|Any CPU.ActiveCfg = Release|Any CPU
		{22BB71EA-F533-55A6-D569-CB0C87BB9A98}.Release|Any CPU.Build.0 = Release|Any CPU
	EndGlobalSection
	GlobalSection(SolutionProperties) = preSolution
		HideSolutionNode = FALSE
	EndGlobalSection
EndGlobal
